{
  "version": 4,
  "terraform_version": "1.9.7",
  "serial": 19,
  "lineage": "033056c4-f4b6-c121-526e-b2e0206d8e23",
  "outputs": {
    "resource_group_id": {
      "value": "/subscriptions/1a4557a4-24e3-4167-a552-81234688c06e/resourceGroups/rg-corenet-prod-uks-001",
      "type": "string"
    }
  },
  "resources": [
    {
      "mode": "managed",
      "type": "azurerm_resource_group",
      "name": "corenet",
      "provider": "provider[\"registry.terraform.io/hashicorp/azurerm\"]",
      "instances": [
        {
          "schema_version": 0,
          "attributes": {
            "id": "/subscriptions/1a4557a4-24e3-4167-a552-81234688c06e/resourceGroups/rg-corenet-prod-uks-001",
            "location": "uksouth",
            "name": "rg-corenet-prod-uks-001",
            "tags": {},
            "timeouts": null
          },
          "sensitive_attributes": [],
          "private": "eyJlMmJmYjczMC1lY2FhLTExZTYtOGY4OC0zNDM2M2JjN2M0YzAiOnsiY3JlYXRlIjo1NDAwMDAwMDAwMDAwLCJkZWxldGUiOjU0MDAwMDAwMDAwMDAsInJlYWQiOjMwMDAwMDAwMDAwMCwidXBkYXRlIjo1NDAwMDAwMDAwMDAwfX0="
        }
      ]
    },
    {
      "mode": "managed",
      "type": "azurerm_resource_group",
      "name": "dnsgatekeeper",
      "provider": "provider[\"registry.terraform.io/hashicorp/azurerm\"]",
      "instances": [
        {
          "schema_version": 0,
          "attributes": {
            "id": "/subscriptions/1a4557a4-24e3-4167-a552-81234688c06e/resourceGroups/rg-dnsgatekeeper-prod-uks-001",
            "location": "uksouth",
            "name": "rg-dnsgatekeeper-prod-uks-001",
            "tags": {},
            "timeouts": null
          },
          "sensitive_attributes": [],
          "private": "eyJlMmJmYjczMC1lY2FhLTExZTYtOGY4OC0zNDM2M2JjN2M0YzAiOnsiY3JlYXRlIjo1NDAwMDAwMDAwMDAwLCJkZWxldGUiOjU0MDAwMDAwMDAwMDAsInJlYWQiOjMwMDAwMDAwMDAwMCwidXBkYXRlIjo1NDAwMDAwMDAwMDAwfX0="
        }
      ]
    },
    {
      "mode": "managed",
      "type": "azurerm_virtual_network",
      "name": "hub",
      "provider": "provider[\"registry.terraform.io/hashicorp/azurerm\"]",
      "instances": [
        {
          "schema_version": 0,
          "attributes": {
            "address_space": [
              "10.0.0.0/16"
            ],
            "bgp_community": "",
            "ddos_protection_plan": [],
            "dns_servers": [],
            "edge_zone": "",
            "flow_timeout_in_minutes": 0,
            "guid": "a306ce12-24fa-4723-bcff-c897f08e55c8",
            "id": "/subscriptions/1a4557a4-24e3-4167-a552-81234688c06e/resourceGroups/rg-corenet-prod-uks-001/providers/Microsoft.Network/virtualNetworks/vnet-corenet-hub-prod-uks-001",
            "location": "uksouth",
            "name": "vnet-corenet-hub-prod-uks-001",
            "resource_group_name": "rg-corenet-prod-uks-001",
            "subnet": [],
            "tags": {},
            "timeouts": null
          },
          "sensitive_attributes": [],
          "private": "eyJlMmJmYjczMC1lY2FhLTExZTYtOGY4OC0zNDM2M2JjN2M0YzAiOnsiY3JlYXRlIjoxODAwMDAwMDAwMDAwLCJkZWxldGUiOjE4MDAwMDAwMDAwMDAsInJlYWQiOjMwMDAwMDAwMDAwMCwidXBkYXRlIjoxODAwMDAwMDAwMDAwfX0=",
          "dependencies": [
            "azurerm_resource_group.corenet"
          ]
        }
      ]
    },
    {
      "mode": "managed",
      "type": "azurerm_virtual_network",
      "name": "spoke",
      "provider": "provider[\"registry.terraform.io/hashicorp/azurerm\"]",
      "instances": [
        {
          "schema_version": 0,
          "attributes": {
            "address_space": [
              "10.0.0.0/16"
            ],
            "bgp_community": "",
            "ddos_protection_plan": [],
            "dns_servers": [],
            "edge_zone": "",
            "flow_timeout_in_minutes": 0,
            "guid": "b835200d-18ac-4284-9444-f6cb0320768e",
            "id": "/subscriptions/1a4557a4-24e3-4167-a552-81234688c06e/resourceGroups/rg-corenet-prod-uks-001/providers/Microsoft.Network/virtualNetworks/vnet-corenet-spoke-prod-uks-001",
            "location": "uksouth",
            "name": "vnet-corenet-spoke-prod-uks-001",
            "resource_group_name": "rg-corenet-prod-uks-001",
            "subnet": [],
            "tags": {},
            "timeouts": null
          },
          "sensitive_attributes": [],
          "private": "eyJlMmJmYjczMC1lY2FhLTExZTYtOGY4OC0zNDM2M2JjN2M0YzAiOnsiY3JlYXRlIjoxODAwMDAwMDAwMDAwLCJkZWxldGUiOjE4MDAwMDAwMDAwMDAsInJlYWQiOjMwMDAwMDAwMDAwMCwidXBkYXRlIjoxODAwMDAwMDAwMDAwfX0=",
          "dependencies": [
            "azurerm_resource_group.corenet"
          ]
        }
      ]
    }
  ],
  "check_results": null
}
